
Microsoft Visual Studio Solution File, Format Version 12.00
# Visual Studio Version 17
VisualStudioVersion = 17.5.33103.201
MinimumVisualStudioVersion = 10.0.40219.1
Project("{FAE04EC0-301F-11D3-BF4B-00C04F79EFBC}") = "AsyncEvent", "AsyncEvent\AsyncEvent.csproj", "{34E5CE45-C5B4-4FEC-97E7-B21B50EBCA52}"
EndProject
Project("{FAE04EC0-301F-11D3-BF4B-00C04F79EFBC}") = "AsyncEvent.Test", "AsyncEvent.Test\AsyncEvent.Test.csproj", "{017DAEE7-179D-4D10-AB37-33AEBBB7D70A}"
EndProject
Global
	GlobalSection(SolutionConfigurationPlatforms) = preSolution
		Debug|Any CPU = Debug|Any CPU
		Release|Any CPU = Release|Any CPU
	EndGlobalSection
	GlobalSection(ProjectConfigurationPlatforms) = postSolution
		{34E5CE45-C5B4-4FEC-97E7-B21B50EBCA52}.Debug|Any CPU.ActiveCfg = Debug|Any CPU
		{34E5CE45-C5B4-4FEC-97E7-B21B50EBCA52}.Debug|Any CPU.Build.0 = Debug|Any CPU
		{34E5CE45-C5B4-4FEC-97E7-B21B50EBCA52}.Release|Any CPU.ActiveCfg = Release|Any CPU
		{34E5CE45-C5B4-4FEC-97E7-B21B50EBCA52}.Release|Any CPU.Build.0 = Release|Any CPU
		{017DAEE7-179D-4D10-AB37-33AEBBB7D70A}.Debug|Any CPU.ActiveCfg = Debug|Any CPU
		{017DAEE7-179D-4D10-AB37-33AEBBB7D70A}.Debug|Any CPU.Build.0 = Debug|Any CPU
		{017DAEE7-179D-4D10-AB37-33AEBBB7D70A}.Release|Any CPU.ActiveCfg = Release|Any CPU
		{017DAEE7-179D-4D10-AB37-33AEBBB7D70A}.Release|Any CPU.Build.0 = Release|Any CPU
	EndGlobalSection
	GlobalSection(SolutionProperties) = preSolution
		HideSolutionNode = FALSE
	EndGlobalSection
	GlobalSection(ExtensibilityGlobals) = postSolution
		SolutionGuid = {00527AA8-8E0D-41DB-B67E-689781891E19}
	EndGlobalSection
EndGlobal
